
Microsoft Visual Studio Solution File, Format Version 12.00
# Visual Studio 2013
VisualStudioVersion = 12.0.31101.0
MinimumVisualStudioVersion = 10.0.40219.1
Project("{FAE04EC0-301F-11D3-BF4B-00C04F79EFBC}") = "ReactiveBus", "ReactiveBus\ReactiveBus.csproj", "{4C8DBB0F-4512-448B-AD26-9B019C68F589}"
EndProject
Project("{FAE04EC0-301F-11D3-BF4B-00C04F79EFBC}") = "ReactiveBusTest", "ReactiveBusTest\ReactiveBusTest.csproj", "{ADD5F412-250C-43BD-B87F-D62AEE2D8D59}"
EndProject
Global
	GlobalSection(SolutionConfigurationPlatforms) = preSolution
		Debug|Any CPU = Debug|Any CPU
		Release|Any CPU = Release|Any CPU
	EndGlobalSection
	GlobalSection(ProjectConfigurationPlatforms) = postSolution
		{4C8DBB0F-4512-448B-AD26-9B019C68F589}.Debug|Any CPU.ActiveCfg = Debug|Any CPU
		{4C8DBB0F-4512-448B-AD26-9B019C68F589}.Debug|Any CPU.Build.0 = Debug|Any CPU
		{4C8DBB0F-4512-448B-AD26-9B019C68F589}.Release|Any CPU.ActiveCfg = Release|Any CPU
		{4C8DBB0F-4512-448B-AD26-9B019C68F589}.Release|Any CPU.Build.0 = Release|Any CPU
		{ADD5F412-250C-43BD-B87F-D62AEE2D8D59}.Debug|Any CPU.ActiveCfg = Debug|Any CPU
		{ADD5F412-250C-43BD-B87F-D62AEE2D8D59}.Debug|Any CPU.Build.0 = Debug|Any CPU
		{ADD5F412-250C-43BD-B87F-D62AEE2D8D59}.Release|Any CPU.ActiveCfg = Release|Any CPU
		{ADD5F412-250C-43BD-B87F-D62AEE2D8D59}.Release|Any CPU.Build.0 = Release|Any CPU
	EndGlobalSection
	GlobalSection(SolutionProperties) = preSolution
		HideSolutionNode = FALSE
	EndGlobalSection
EndGlobal
